// !$*UTF8*$!
{
	archiveVersion = 1;
	classes = {
	};
	objectVersion = 56;
	objects = {

/* Begin PBXBuildFile section */
		F7F53F6A2B73E76C00025F0C /* NewsAsyncAwaitSwiftUIAppApp.swift in Sources */ = {isa = PBXBuildFile; fileRef = F7F53F692B73E76C00025F0C /* NewsAsyncAwaitSwiftUIAppApp.swift */; };
		F7F53F6E2B73E76E00025F0C /* Assets.xcassets in Resources */ = {isa = PBXBuildFile; fileRef = F7F53F6D2B73E76E00025F0C /* Assets.xcassets */; };
		F7F53F712B73E76E00025F0C /* Preview Assets.xcassets in Resources */ = {isa = PBXBuildFile; fileRef = F7F53F702B73E76E00025F0C /* Preview Assets.xcassets */; };
		F7F53F782B73E7C000025F0C /* NewsListScreen.swift in Sources */ = {isa = PBXBuildFile; fileRef = F7F53F772B73E7C000025F0C /* NewsListScreen.swift */; };
		F7F53F7A2B73E7E400025F0C /* NewsSourceListScreen.swift in Sources */ = {isa = PBXBuildFile; fileRef = F7F53F792B73E7E400025F0C /* NewsSourceListScreen.swift */; };
		F7F53F7E2B73E82000025F0C /* WebService.swift in Sources */ = {isa = PBXBuildFile; fileRef = F7F53F7D2B73E82000025F0C /* WebService.swift */; };
		F7F53F832B73E89F00025F0C /* NewsSource.swift in Sources */ = {isa = PBXBuildFile; fileRef = F7F53F822B73E89F00025F0C /* NewsSource.swift */; };
		F7F53F852B73E8B200025F0C /* NewsArticle.swift in Sources */ = {isa = PBXBuildFile; fileRef = F7F53F842B73E8B200025F0C /* NewsArticle.swift */; };
		F7F53F872B73E9B300025F0C /* NewsSourceListViewModel.swift in Sources */ = {isa = PBXBuildFile; fileRef = F7F53F862B73E9B300025F0C /* NewsSourceListViewModel.swift */; };
		F7F53F892B73E9F400025F0C /* Constants.swift in Sources */ = {isa = PBXBuildFile; fileRef = F7F53F882B73E9F400025F0C /* Constants.swift */; };
		F7F53F8B2B73EBBC00025F0C /* NewsArticleListViewModel.swift in Sources */ = {isa = PBXBuildFile; fileRef = F7F53F8A2B73EBBC00025F0C /* NewsArticleListViewModel.swift */; };
/* End PBXBuildFile section */

/* Begin PBXFileReference section */
		F7F53F662B73E76C00025F0C /* NewsAsyncAwaitSwiftUIApp.app */ = {isa = PBXFileReference; explicitFileType = wrapper.application; includeInIndex = 0; path = NewsAsyncAwaitSwiftUIApp.app; sourceTree = BUILT_PRODUCTS_DIR; };
		F7F53F692B73E76C00025F0C /* NewsAsyncAwaitSwiftUIAppApp.swift */ = {isa = PBXFileReference; lastKnownFileType = sourcecode.swift; path = NewsAsyncAwaitSwiftUIAppApp.swift; sourceTree = "<group>"; };
		F7F53F6D2B73E76E00025F0C /* Assets.xcassets */ = {isa = PBXFileReference; lastKnownFileType = folder.assetcatalog; path = Assets.xcassets; sourceTree = "<group>"; };
		F7F53F702B73E76E00025F0C /* Preview Assets.xcassets */ = {isa = PBXFileReference; lastKnownFileType = folder.assetcatalog; path = "Preview Assets.xcassets"; sourceTree = "<group>"; };
		F7F53F772B73E7C000025F0C /* NewsListScreen.swift */ = {isa = PBXFileReference; lastKnownFileType = sourcecode.swift; path = NewsListScreen.swift; sourceTree = "<group>"; };
		F7F53F792B73E7E400025F0C /* NewsSourceListScreen.swift */ = {isa = PBXFileReference; lastKnownFileType = sourcecode.swift; path = NewsSourceListScreen.swift; sourceTree = "<group>"; };
		F7F53F7D2B73E82000025F0C /* WebService.swift */ = {isa = PBXFileReference; lastKnownFileType = sourcecode.swift; path = WebService.swift; sourceTree = "<group>"; };
		F7F53F822B73E89F00025F0C /* NewsSource.swift */ = {isa = PBXFileReference; lastKnownFileType = sourcecode.swift; path = NewsSource.swift; sourceTree = "<group>"; };
		F7F53F842B73E8B200025F0C /* NewsArticle.swift */ = {isa = PBXFileReference; lastKnownFileType = sourcecode.swift; path = NewsArticle.swift; sourceTree = "<group>"; };
		F7F53F862B73E9B300025F0C /* NewsSourceListViewModel.swift */ = {isa = PBXFileReference; lastKnownFileType = sourcecode.swift; path = NewsSourceListViewModel.swift; sourceTree = "<group>"; };
		F7F53F882B73E9F400025F0C /* Constants.swift */ = {isa = PBXFileReference; lastKnownFileType = sourcecode.swift; path = Constants.swift; sourceTree = "<group>"; };
		F7F53F8A2B73EBBC00025F0C /* NewsArticleListViewModel.swift */ = {isa = PBXFileReference; lastKnownFileType = sourcecode.swift; path = NewsArticleListViewModel.swift; sourceTree = "<group>"; };
/* End PBXFileReference section */

/* Begin PBXFrameworksBuildPhase section */
		F7F53F632B73E76C00025F0C /* Frameworks */ = {
			isa = PBXFrameworksBuildPhase;
			buildActionMask = 2147483647;
			files = (
			);
			runOnlyForDeploymentPostprocessing = 0;
		};
/* End PBXFrameworksBuildPhase section */

/* Begin PBXGroup section */
		F7F53F5D2B73E76B00025F0C = {
			isa = PBXGroup;
			children = (
				F7F53F682B73E76C00025F0C /* NewsAsyncAwaitSwiftUIApp */,
				F7F53F672B73E76C00025F0C /* Products */,
			);
			sourceTree = "<group>";
		};
		F7F53F672B73E76C00025F0C /* Products */ = {
			isa = PBXGroup;
			children = (
				F7F53F662B73E76C00025F0C /* NewsAsyncAwaitSwiftUIApp.app */,
			);
			name = Products;
			sourceTree = "<group>";
		};
		F7F53F682B73E76C00025F0C /* NewsAsyncAwaitSwiftUIApp */ = {
			isa = PBXGroup;
			children = (
				F7F53F7B2B73E7ED00025F0C /* Views */,
				F7F53F7C2B73E80300025F0C /* Services */,
				F7F53F7F2B73E82D00025F0C /* Utils */,
				F7F53F812B73E86B00025F0C /* Models */,
				F7F53F802B73E85200025F0C /* ViewModels */,
				F7F53F692B73E76C00025F0C /* NewsAsyncAwaitSwiftUIAppApp.swift */,
				F7F53F6D2B73E76E00025F0C /* Assets.xcassets */,
				F7F53F6F2B73E76E00025F0C /* Preview Content */,
			);
			path = NewsAsyncAwaitSwiftUIApp;
			sourceTree = "<group>";
		};
		F7F53F6F2B73E76E00025F0C /* Preview Content */ = {
			isa = PBXGroup;
			children = (
				F7F53F702B73E76E00025F0C /* Preview Assets.xcassets */,
			);
			path = "Preview Content";
			sourceTree = "<group>";
		};
		F7F53F7B2B73E7ED00025F0C /* Views */ = {
			isa = PBXGroup;
			children = (
				F7F53F772B73E7C000025F0C /* NewsListScreen.swift */,
				F7F53F792B73E7E400025F0C /* NewsSourceListScreen.swift */,
			);
			path = Views;
			sourceTree = "<group>";
		};
		F7F53F7C2B73E80300025F0C /* Services */ = {
			isa = PBXGroup;
			children = (
				F7F53F7D2B73E82000025F0C /* WebService.swift */,
			);
			path = Services;
			sourceTree = "<group>";
		};
		F7F53F7F2B73E82D00025F0C /* Utils */ = {
			isa = PBXGroup;
			children = (
				F7F53F882B73E9F400025F0C /* Constants.swift */,
			);
			path = Utils;
			sourceTree = "<group>";
		};
		F7F53F802B73E85200025F0C /* ViewModels */ = {
			isa = PBXGroup;
			children = (
				F7F53F8A2B73EBBC00025F0C /* NewsArticleListViewModel.swift */,
				F7F53F862B73E9B300025F0C /* NewsSourceListViewModel.swift */,
			);
			path = ViewModels;
			sourceTree = "<group>";
		};
		F7F53F812B73E86B00025F0C /* Models */ = {
			isa = PBXGroup;
			children = (
				F7F53F842B73E8B200025F0C /* NewsArticle.swift */,
				F7F53F822B73E89F00025F0C /* NewsSource.swift */,
			);
			path = Models;
			sourceTree = "<group>";
		};
/* End PBXGroup section */

/* Begin PBXNativeTarget section */
		F7F53F652B73E76C00025F0C /* NewsAsyncAwaitSwiftUIApp */ = {
			isa = PBXNativeTarget;
			buildConfigurationList = F7F53F742B73E76E00025F0C /* Build configuration list for PBXNativeTarget "NewsAsyncAwaitSwiftUIApp" */;
			buildPhases = (
				F7F53F622B73E76C00025F0C /* Sources */,
				F7F53F632B73E76C00025F0C /* Frameworks */,
				F7F53F642B73E76C00025F0C /* Resources */,
			);
			buildRules = (
			);
			dependencies = (
			);
			name = NewsAsyncAwaitSwiftUIApp;
			productName = NewsAsyncAwaitSwiftUIApp;
			productReference = F7F53F662B73E76C00025F0C /* NewsAsyncAwaitSwiftUIApp.app */;
			productType = "com.apple.product-type.application";
		};
/* End PBXNativeTarget section */

/* Begin PBXProject section */
		F7F53F5E2B73E76B00025F0C /* Project object */ = {
			isa = PBXProject;
			attributes = {
				BuildIndependentTargetsInParallel = 1;
				LastSwiftUpdateCheck = 1500;
				LastUpgradeCheck = 1500;
				TargetAttributes = {
					F7F53F652B73E76C00025F0C = {
						CreatedOnToolsVersion = 15.0.1;
					};
				};
			};
			buildConfigurationList = F7F53F612B73E76B00025F0C /* Build configuration list for PBXProject "NewsAsyncAwaitSwiftUIApp" */;
			compatibilityVersion = "Xcode 14.0";
			developmentRegion = en;
			hasScannedForEncodings = 0;
			knownRegions = (
				en,
				Base,
			);
			mainGroup = F7F53F5D2B73E76B00025F0C;
			productRefGroup = F7F53F672B73E76C00025F0C /* Products */;
			projectDirPath = "";
			projectRoot = "";
			targets = (
				F7F53F652B73E76C00025F0C /* NewsAsyncAwaitSwiftUIApp */,
			);
		};
/* End PBXProject section */

/* Begin PBXResourcesBuildPhase section */
		F7F53F642B73E76C00025F0C /* Resources */ = {
			isa = PBXResourcesBuildPhase;
			buildActionMask = 2147483647;
			files = (
				F7F53F712B73E76E00025F0C /* Preview Assets.xcassets in Resources */,
				F7F53F6E2B73E76E00025F0C /* Assets.xcassets in Resources */,
			);
			runOnlyForDeploymentPostprocessing = 0;
		};
/* End PBXResourcesBuildPhase section */

/* Begin PBXSourcesBuildPhase section */
		F7F53F622B73E76C00025F0C /* Sources */ = {
			isa = PBXSourcesBuildPhase;
			buildActionMask = 2147483647;
			files = (
				F7F53F852B73E8B200025F0C /* NewsArticle.swift in Sources */,
				F7F53F782B73E7C000025F0C /* NewsListScreen.swift in Sources */,
				F7F53F8B2B73EBBC00025F0C /* NewsArticleListViewModel.swift in Sources */,
				F7F53F6A2B73E76C00025F0C /* NewsAsyncAwaitSwiftUIAppApp.swift in Sources */,
				F7F53F7E2B73E82000025F0C /* WebService.swift in Sources */,
				F7F53F872B73E9B300025F0C /* NewsSourceListViewModel.swift in Sources */,
				F7F53F7A2B73E7E400025F0C /* NewsSourceListScreen.swift in Sources */,
				F7F53F832B73E89F00025F0C /* NewsSource.swift in Sources */,
				F7F53F892B73E9F400025F0C /* Constants.swift in Sources */,
			);
			runOnlyForDeploymentPostprocessing = 0;
		};
/* End PBXSourcesBuildPhase section */

/* Begin XCBuildConfiguration section */
		F7F53F722B73E76E00025F0C /* Debug */ = {
			isa = XCBuildConfiguration;
			buildSettings = {
				ALWAYS_SEARCH_USER_PATHS = NO;
				ASSETCATALOG_COMPILER_GENERATE_SWIFT_ASSET_SYMBOL_EXTENSIONS = YES;
				CLANG_ANALYZER_NONNULL = YES;
				CLANG_ANALYZER_NUMBER_OBJECT_CONVERSION = YES_AGGRESSIVE;
				CLANG_CXX_LANGUAGE_STANDARD = "gnu++20";
				CLANG_ENABLE_MODULES = YES;
				CLANG_ENABLE_OBJC_ARC = YES;
				CLANG_ENABLE_OBJC_WEAK = YES;
				CLANG_WARN_BLOCK_CAPTURE_AUTORELEASING = YES;
				CLANG_WARN_BOOL_CONVERSION = YES;
				CLANG_WARN_COMMA = YES;
				CLANG_WARN_CONSTANT_CONVERSION = YES;
				CLANG_WARN_DEPRECATED_OBJC_IMPLEMENTATIONS = YES;
				CLANG_WARN_DIRECT_OBJC_ISA_USAGE = YES_ERROR;
				CLANG_WARN_DOCUMENTATION_COMMENTS = YES;
				CLANG_WARN_EMPTY_BODY = YES;
				CLANG_WARN_ENUM_CONVERSION = YES;
				CLANG_WARN_INFINITE_RECURSION = YES;
				CLANG_WARN_INT_CONVERSION = YES;
				CLANG_WARN_NON_LITERAL_NULL_CONVERSION = YES;
				CLANG_WARN_OBJC_IMPLICIT_RETAIN_SELF = YES;
				CLANG_WARN_OBJC_LITERAL_CONVERSION = YES;
				CLANG_WARN_OBJC_ROOT_CLASS = YES_ERROR;
				CLANG_WARN_QUOTED_INCLUDE_IN_FRAMEWORK_HEADER = YES;
				CLANG_WARN_RANGE_LOOP_ANALYSIS = YES;
				CLANG_WARN_STRICT_PROTOTYPES = YES;
				CLANG_WARN_SUSPICIOUS_MOVE = YES;
				CLANG_WARN_UNGUARDED_AVAILABILITY = YES_AGGRESSIVE;
				CLANG_WARN_UNREACHABLE_CODE = YES;
				CLANG_WARN__DUPLICATE_METHOD_MATCH = YES;
				COPY_PHASE_STRIP = NO;
				DEBUG_INFORMATION_FORMAT = dwarf;
				ENABLE_STRICT_OBJC_MSGSEND = YES;
				ENABLE_TESTABILITY = YES;
				ENABLE_USER_SCRIPT_SANDBOXING = YES;
				GCC_C_LANGUAGE_STANDARD = gnu17;
				GCC_DYNAMIC_NO_PIC = NO;
				GCC_NO_COMMON_BLOCKS = YES;
				GCC_OPTIMIZATION_LEVEL = 0;
				GCC_PREPROCESSOR_DEFINITIONS = (
					"DEBUG=1",
					"$(inherited)",
				);
				GCC_WARN_64_TO_32_BIT_CONVERSION = YES;
				GCC_WARN_ABOUT_RETURN_TYPE = YES_ERROR;
				GCC_WARN_UNDECLARED_SELECTOR = YES;
				GCC_WARN_UNINITIALIZED_AUTOS = YES_AGGRESSIVE;
				GCC_WARN_UNUSED_FUNCTION = YES;
				GCC_WARN_UNUSED_VARIABLE = YES;
				IPHONEOS_DEPLOYMENT_TARGET = 17.0;
				LOCALIZATION_PREFERS_STRING_CATALOGS = YES;
				MTL_ENABLE_DEBUG_INFO = INCLUDE_SOURCE;
				MTL_FAST_MATH = YES;
				ONLY_ACTIVE_ARCH = YES;
				SDKROOT = iphoneos;
				SWIFT_ACTIVE_COMPILATION_CONDITIONS = "DEBUG $(inherited)";
				SWIFT_OPTIMIZATION_LEVEL = "-Onone";
			};
			name = Debug;
		};
		F7F53F732B73E76E00025F0C /* Release */ = {
			isa = XCBuildConfiguration;
			buildSettings = {
				ALWAYS_SEARCH_USER_PATHS = NO;
				ASSETCATALOG_COMPILER_GENERATE_SWIFT_ASSET_SYMBOL_EXTENSIONS = YES;
				CLANG_ANALYZER_NONNULL = YES;
				CLANG_ANALYZER_NUMBER_OBJECT_CONVERSION = YES_AGGRESSIVE;
				CLANG_CXX_LANGUAGE_STANDARD = "gnu++20";
				CLANG_ENABLE_MODULES = YES;
				CLANG_ENABLE_OBJC_ARC = YES;
				CLANG_ENABLE_OBJC_WEAK = YES;
				CLANG_WARN_BLOCK_CAPTURE_AUTORELEASING = YES;
				CLANG_WARN_BOOL_CONVERSION = YES;
				CLANG_WARN_COMMA = YES;
				CLANG_WARN_CONSTANT_CONVERSION = YES;
				CLANG_WARN_DEPRECATED_OBJC_IMPLEMENTATIONS = YES;
				CLANG_WARN_DIRECT_OBJC_ISA_USAGE = YES_ERROR;
				CLANG_WARN_DOCUMENTATION_COMMENTS = YES;
				CLANG_WARN_EMPTY_BODY = YES;
				CLANG_WARN_ENUM_CONVERSION = YES;
				CLANG_WARN_INFINITE_RECURSION = YES;
				CLANG_WARN_INT_CONVERSION = YES;
				CLANG_WARN_NON_LITERAL_NULL_CONVERSION = YES;
				CLANG_WARN_OBJC_IMPLICIT_RETAIN_SELF = YES;
				CLANG_WARN_OBJC_LITERAL_CONVERSION = YES;
				CLANG_WARN_OBJC_ROOT_CLASS = YES_ERROR;
				CLANG_WARN_QUOTED_INCLUDE_IN_FRAMEWORK_HEADER = YES;
				CLANG_WARN_RANGE_LOOP_ANALYSIS = YES;
				CLANG_WARN_STRICT_PROTOTYPES = YES;
				CLANG_WARN_SUSPICIOUS_MOVE = YES;
				CLANG_WARN_UNGUARDED_AVAILABILITY = YES_AGGRESSIVE;
				CLANG_WARN_UNREACHABLE_CODE = YES;
				CLANG_WARN__DUPLICATE_METHOD_MATCH = YES;
				COPY_PHASE_STRIP = NO;
				DEBUG_INFORMATION_FORMAT = "dwarf-with-dsym";
				ENABLE_NS_ASSERTIONS = NO;
				ENABLE_STRICT_OBJC_MSGSEND = YES;
				ENABLE_USER_SCRIPT_SANDBOXING = YES;
				GCC_C_LANGUAGE_STANDARD = gnu17;
				GCC_NO_COMMON_BLOCKS = YES;
				GCC_WARN_64_TO_32_BIT_CONVERSION = YES;
				GCC_WARN_ABOUT_RETURN_TYPE = YES_ERROR;
				GCC_WARN_UNDECLARED_SELECTOR = YES;
				GCC_WARN_UNINITIALIZED_AUTOS = YES_AGGRESSIVE;
				GCC_WARN_UNUSED_FUNCTION = YES;
				GCC_WARN_UNUSED_VARIABLE = YES;
				IPHONEOS_DEPLOYMENT_TARGET = 17.0;
				LOCALIZATION_PREFERS_STRING_CATALOGS = YES;
				MTL_ENABLE_DEBUG_INFO = NO;
				MTL_FAST_MATH = YES;
				SDKROOT = iphoneos;
				SWIFT_COMPILATION_MODE = wholemodule;
				VALIDATE_PRODUCT = YES;
			};
			name = Release;
		};
		F7F53F752B73E76E00025F0C /* Debug */ = {
			isa = XCBuildConfiguration;
			buildSettings = {
				ASSETCATALOG_COMPILER_APPICON_NAME = AppIcon;
				ASSETCATALOG_COMPILER_GLOBAL_ACCENT_COLOR_NAME = AccentColor;
				CODE_SIGN_STYLE = Automatic;
				CURRENT_PROJECT_VERSION = 1;
				DEVELOPMENT_ASSET_PATHS = "\"NewsAsyncAwaitSwiftUIApp/Preview Content\"";
				DEVELOPMENT_TEAM = 6D9CKTK39V;
				ENABLE_PREVIEWS = YES;
				GENERATE_INFOPLIST_FILE = YES;
				INFOPLIST_KEY_UIApplicationSceneManifest_Generation = YES;
				INFOPLIST_KEY_UIApplicationSupportsIndirectInputEvents = YES;
				INFOPLIST_KEY_UILaunchScreen_Generation = YES;
				INFOPLIST_KEY_UISupportedInterfaceOrientations_iPad = "UIInterfaceOrientationPortrait UIInterfaceOrientationPortraitUpsideDown UIInterfaceOrientationLandscapeLeft UIInterfaceOrientationLandscapeRight";
				INFOPLIST_KEY_UISupportedInterfaceOrientations_iPhone = "UIInterfaceOrientationPortrait UIInterfaceOrientationLandscapeLeft UIInterfaceOrientationLandscapeRight";
				LD_RUNPATH_SEARCH_PATHS = (
					"$(inherited)",
					"@executable_path/Frameworks",
				);
				MARKETING_VERSION = 1.0;
				PRODUCT_BUNDLE_IDENTIFIER = trvl.NewsAsyncAwaitSwiftUIApp;
				PRODUCT_NAME = "$(TARGET_NAME)";
				SWIFT_EMIT_LOC_STRINGS = YES;
				SWIFT_VERSION = 5.0;
				TARGETED_DEVICE_FAMILY = "1,2";
			};
			name = Debug;
		};
		F7F53F762B73E76E00025F0C /* Release */ = {
			isa = XCBuildConfiguration;
			buildSettings = {
				ASSETCATALOG_COMPILER_APPICON_NAME = AppIcon;
				ASSETCATALOG_COMPILER_GLOBAL_ACCENT_COLOR_NAME = AccentColor;
				CODE_SIGN_STYLE = Automatic;
				CURRENT_PROJECT_VERSION = 1;
				DEVELOPMENT_ASSET_PATHS = "\"NewsAsyncAwaitSwiftUIApp/Preview Content\"";
				DEVELOPMENT_TEAM = 6D9CKTK39V;
				ENABLE_PREVIEWS = YES;
				GENERATE_INFOPLIST_FILE = YES;
				INFOPLIST_KEY_UIApplicationSceneManifest_Generation = YES;
				INFOPLIST_KEY_UIApplicationSupportsIndirectInputEvents = YES;
				INFOPLIST_KEY_UILaunchScreen_Generation = YES;
				INFOPLIST_KEY_UISupportedInterfaceOrientations_iPad = "UIInterfaceOrientationPortrait UIInterfaceOrientationPortraitUpsideDown UIInterfaceOrientationLandscapeLeft UIInterfaceOrientationLandscapeRight";
				INFOPLIST_KEY_UISupportedInterfaceOrientations_iPhone = "UIInterfaceOrientationPortrait UIInterfaceOrientationLandscapeLeft UIInterfaceOrientationLandscapeRight";
				LD_RUNPATH_SEARCH_PATHS = (
					"$(inherited)",
					"@executable_path/Frameworks",
				);
				MARKETING_VERSION = 1.0;
				PRODUCT_BUNDLE_IDENTIFIER = trvl.NewsAsyncAwaitSwiftUIApp;
				PRODUCT_NAME = "$(TARGET_NAME)";
				SWIFT_EMIT_LOC_STRINGS = YES;
				SWIFT_VERSION = 5.0;
				TARGETED_DEVICE_FAMILY = "1,2";
			};
			name = Release;
		};
/* End XCBuildConfiguration section */

/* Begin XCConfigurationList section */
		F7F53F612B73E76B00025F0C /* Build configuration list for PBXProject "NewsAsyncAwaitSwiftUIApp" */ = {
			isa = XCConfigurationList;
			buildConfigurations = (
				F7F53F722B73E76E00025F0C /* Debug */,
				F7F53F732B73E76E00025F0C /* Release */,
			);
			defaultConfigurationIsVisible = 0;
			defaultConfigurationName = Release;
		};
		F7F53F742B73E76E00025F0C /* Build configuration list for PBXNativeTarget "NewsAsyncAwaitSwiftUIApp" */ = {
			isa = XCConfigurationList;
			buildConfigurations = (
				F7F53F752B73E76E00025F0C /* Debug */,
				F7F53F762B73E76E00025F0C /* Release */,
			);
			defaultConfigurationIsVisible = 0;
			defaultConfigurationName = Release;
		};
/* End XCConfigurationList section */
	};
	rootObject = F7F53F5E2B73E76B00025F0C /* Project object */;
}
